
Microsoft Visual Studio Solution File, Format Version 12.00
# Visual Studio Version 17
VisualStudioVersion = 17.0.31912.275
MinimumVisualStudioVersion = 10.0.40219.1
Project("{9A19103F-16F7-4668-BE54-9A1E7A4F7556}") = "YouTubeProxy", "YouTubeProxy\YouTubeProxy.csproj", "{C5278DD9-FB49-45C0-81DB-D560391D4CC9}"
EndProject
Project("{E53339B2-1760-4266-BCC7-CA923CBCF16C}") = "docker-compose", "docker-compose.dcproj", "{D950CF6B-1854-4EB8-8617-5034E105E9F3}"
EndProject
Global
	GlobalSection(SolutionConfigurationPlatforms) = preSolution
		Debug|Any CPU = Debug|Any CPU
		Release|Any CPU = Release|Any CPU
	EndGlobalSection
	GlobalSection(ProjectConfigurationPlatforms) = postSolution
		{C5278DD9-FB49-45C0-81DB-D560391D4CC9}.Debug|Any CPU.ActiveCfg = Debug|Any CPU
		{C5278DD9-FB49-45C0-81DB-D560391D4CC9}.Debug|Any CPU.Build.0 = Debug|Any CPU
		{C5278DD9-FB49-45C0-81DB-D560391D4CC9}.Release|Any CPU.ActiveCfg = Release|Any CPU
		{C5278DD9-FB49-45C0-81DB-D560391D4CC9}.Release|Any CPU.Build.0 = Release|Any CPU
		{D950CF6B-1854-4EB8-8617-5034E105E9F3}.Debug|Any CPU.ActiveCfg = Debug|Any CPU
		{D950CF6B-1854-4EB8-8617-5034E105E9F3}.Debug|Any CPU.Build.0 = Debug|Any CPU
		{D950CF6B-1854-4EB8-8617-5034E105E9F3}.Release|Any CPU.ActiveCfg = Release|Any CPU
		{D950CF6B-1854-4EB8-8617-5034E105E9F3}.Release|Any CPU.Build.0 = Release|Any CPU
	EndGlobalSection
	GlobalSection(SolutionProperties) = preSolution
		HideSolutionNode = FALSE
	EndGlobalSection
	GlobalSection(ExtensibilityGlobals) = postSolution
		SolutionGuid = {A2DCAC98-897C-4D1A-9434-859E5132EB3F}
	EndGlobalSection
EndGlobal
